
Microsoft Visual Studio Solution File, Format Version 12.00
# Visual Studio 14
VisualStudioVersion = 14.0.23107.0
MinimumVisualStudioVersion = 10.0.40219.1
Project("{FAE04EC0-301F-11D3-BF4B-00C04F79EFBC}") = "MySqlBackHelper", "MySqlBackHelper\MySqlBackHelper.csproj", "{6F21D9B4-D8F1-4D89-9FDC-60FB25B6B31E}"
EndProject
Project("{FAE04EC0-301F-11D3-BF4B-00C04F79EFBC}") = "MySql_Back_Service", "MySql_Back_Service\MySql_Back_Service.csproj", "{2890CF72-427B-408B-97C1-8D9CC3753652}"
EndProject
Project("{FAE04EC0-301F-11D3-BF4B-00C04F79EFBC}") = "MySql_Back.test", "MySql_Back.test\MySql_Back.test.csproj", "{014809BA-AD54-469C-B993-EEDA51A23D1B}"
EndProject
Project("{FAE04EC0-301F-11D3-BF4B-00C04F79EFBC}") = "MySql_BackTool", "MySql_BackTool\MySql_BackTool.csproj", "{E0B6A73A-5269-4E07-B4A3-CA79B1D03F1E}"
EndProject
Global
	GlobalSection(SolutionConfigurationPlatforms) = preSolution
		Debug|Any CPU = Debug|Any CPU
		Release|Any CPU = Release|Any CPU
	EndGlobalSection
	GlobalSection(ProjectConfigurationPlatforms) = postSolution
		{6F21D9B4-D8F1-4D89-9FDC-60FB25B6B31E}.Debug|Any CPU.ActiveCfg = Debug|Any CPU
		{6F21D9B4-D8F1-4D89-9FDC-60FB25B6B31E}.Debug|Any CPU.Build.0 = Debug|Any CPU
		{6F21D9B4-D8F1-4D89-9FDC-60FB25B6B31E}.Release|Any CPU.ActiveCfg = Release|Any CPU
		{6F21D9B4-D8F1-4D89-9FDC-60FB25B6B31E}.Release|Any CPU.Build.0 = Release|Any CPU
		{2890CF72-427B-408B-97C1-8D9CC3753652}.Debug|Any CPU.ActiveCfg = Debug|Any CPU
		{2890CF72-427B-408B-97C1-8D9CC3753652}.Debug|Any CPU.Build.0 = Debug|Any CPU
		{2890CF72-427B-408B-97C1-8D9CC3753652}.Release|Any CPU.ActiveCfg = Release|Any CPU
		{2890CF72-427B-408B-97C1-8D9CC3753652}.Release|Any CPU.Build.0 = Release|Any CPU
		{014809BA-AD54-469C-B993-EEDA51A23D1B}.Debug|Any CPU.ActiveCfg = Debug|Any CPU
		{014809BA-AD54-469C-B993-EEDA51A23D1B}.Debug|Any CPU.Build.0 = Debug|Any CPU
		{014809BA-AD54-469C-B993-EEDA51A23D1B}.Release|Any CPU.ActiveCfg = Release|Any CPU
		{014809BA-AD54-469C-B993-EEDA51A23D1B}.Release|Any CPU.Build.0 = Release|Any CPU
		{E0B6A73A-5269-4E07-B4A3-CA79B1D03F1E}.Debug|Any CPU.ActiveCfg = Debug|Any CPU
		{E0B6A73A-5269-4E07-B4A3-CA79B1D03F1E}.Debug|Any CPU.Build.0 = Debug|Any CPU
		{E0B6A73A-5269-4E07-B4A3-CA79B1D03F1E}.Release|Any CPU.ActiveCfg = Release|Any CPU
		{E0B6A73A-5269-4E07-B4A3-CA79B1D03F1E}.Release|Any CPU.Build.0 = Release|Any CPU
	EndGlobalSection
	GlobalSection(SolutionProperties) = preSolution
		HideSolutionNode = FALSE
	EndGlobalSection
EndGlobal
